
Microsoft Visual Studio Solution File, Format Version 10.00
# Visual Studio 2008
Project("{F184B08F-C81C-45F6-A57F-5ABD9991F28F}") = "easyCOM_VB_Demo", "easyCOM_VB_Demo.vbproj", "{D38BEA9B-D548-4DE8-B675-837D9169262A}"
EndProject
Global
	GlobalSection(SourceCodeControl) = preSolution
		SccNumberOfProjects = 2
		SccLocalPath0 = .
		SccProjectUniqueName1 = easyCOM_VB_Demo.vbproj
		SccLocalPath1 = .
	EndGlobalSection
	GlobalSection(SolutionConfigurationPlatforms) = preSolution
		Debug|Any CPU = Debug|Any CPU
		Debug|x86 = Debug|x86
		Release|Any CPU = Release|Any CPU
		Release|x86 = Release|x86
	EndGlobalSection
	GlobalSection(ProjectConfigurationPlatforms) = postSolution
		{D38BEA9B-D548-4DE8-B675-837D9169262A}.Debug|Any CPU.ActiveCfg = Debug|Any CPU
		{D38BEA9B-D548-4DE8-B675-837D9169262A}.Debug|Any CPU.Build.0 = Debug|Any CPU
		{D38BEA9B-D548-4DE8-B675-837D9169262A}.Debug|x86.ActiveCfg = Debug|x86
		{D38BEA9B-D548-4DE8-B675-837D9169262A}.Debug|x86.Build.0 = Debug|x86
		{D38BEA9B-D548-4DE8-B675-837D9169262A}.Release|Any CPU.ActiveCfg = Release|Any CPU
		{D38BEA9B-D548-4DE8-B675-837D9169262A}.Release|Any CPU.Build.0 = Release|Any CPU
		{D38BEA9B-D548-4DE8-B675-837D9169262A}.Release|x86.ActiveCfg = Release|x86
		{D38BEA9B-D548-4DE8-B675-837D9169262A}.Release|x86.Build.0 = Release|x86
	EndGlobalSection
	GlobalSection(SolutionProperties) = preSolution
		HideSolutionNode = FALSE
	EndGlobalSection
EndGlobal
